{
  "nodes": {
    "home-manager": {
      "inputs": {
        "nixpkgs": [
          "nixpkgs"
        ]
      },
      "locked": {
        "lastModified": 1731235328,
        "narHash": "sha256-NjavpgE9/bMe/ABvZpyHIUeYF1mqR5lhaep3wB79ucs=",
        "owner": "nix-community",
        "repo": "home-manager",
        "rev": "60bb110917844d354f3c18e05450606a435d2d10",
        "type": "github"
      },
      "original": {
        "owner": "nix-community",
        "repo": "home-manager",
        "type": "github"
      }
    },
    "nixpkgs": {
      "locked": {
        "lastModified": 1730785428,
        "narHash": "sha256-Zwl8YgTVJTEum+L+0zVAWvXAGbWAuXHax3KzuejaDyo=",
        "owner": "nixos",
        "repo": "nixpkgs",
        "rev": "4aa36568d413aca0ea84a1684d2d46f55dbabad7",
        "type": "github"
      },
      "original": {
        "owner": "nixos",
        "ref": "nixos-unstable",
        "repo": "nixpkgs",
        "type": "github"
      }
    },
    "nur": {
      "locked": {
        "lastModified": 1731235484,
        "narHash": "sha256-hvfNYFwQTAIkQZ8Vq572NlDpR+Wo0bUAlSFyCcinXMY=",
        "owner": "nix-community",
        "repo": "NUR",
        "rev": "b049f6cd5109e9f96925b92d3a076206a2000ab6",
        "type": "github"
      },
      "original": {
        "id": "nur",
        "type": "indirect"
      }
    },
    "root": {
      "inputs": {
        "home-manager": "home-manager",
        "nixpkgs": "nixpkgs",
        "nur": "nur"
      }
    }
  },
  "root": "root",
  "version": 7
}
