{
  "nodes": {
    "home-manager": {
      "inputs": {
        "nixpkgs": [
          "nixpkgs"
        ]
      },
      "locked": {
        "lastModified": 1733484277,
        "narHash": "sha256-i5ay20XsvpW91N4URET/nOc0VQWOAd4c4vbqYtcH8Rc=",
        "owner": "nix-community",
        "repo": "home-manager",
        "rev": "d00c6f6d0ad16d598bf7e2956f52c1d9d5de3c3a",
        "type": "github"
      },
      "original": {
        "owner": "nix-community",
        "repo": "home-manager",
        "type": "github"
      }
    },
    "kmonad": {
      "inputs": {
        "nixpkgs": [
          "nixpkgs"
        ]
      },
      "locked": {
        "dir": "nix",
        "lastModified": 1730793763,
        "narHash": "sha256-m9agq+UNNwAovZj+WS5/1Yc1xoExG4A3SqmVP/e0r9Q=",
        "ref": "refs/heads/master",
        "rev": "606c488862df6c3be1e4e670f6e1e06008c84732",
        "revCount": 875,
        "submodules": true,
        "type": "git",
        "url": "https://github.com/kmonad/kmonad?dir=nix"
      },
      "original": {
        "dir": "nix",
        "submodules": true,
        "type": "git",
        "url": "https://github.com/kmonad/kmonad?dir=nix"
      }
    },
    "nixpkgs": {
      "locked": {
        "lastModified": 1733392399,
        "narHash": "sha256-kEsTJTUQfQFIJOcLYFt/RvNxIK653ZkTBIs4DG+cBns=",
        "owner": "nixos",
        "repo": "nixpkgs",
        "rev": "d0797a04b81caeae77bcff10a9dde78bc17f5661",
        "type": "github"
      },
      "original": {
        "owner": "nixos",
        "ref": "nixos-unstable",
        "repo": "nixpkgs",
        "type": "github"
      }
    },
    "nur": {
      "locked": {
        "lastModified": 1733490545,
        "narHash": "sha256-yR+QDC/cbcusU/EFqoeEF8ojZgVyRgrR0xicatQhsv4=",
        "owner": "nix-community",
        "repo": "NUR",
        "rev": "28183926462b424c506c250f68c41b3189737eb6",
        "type": "github"
      },
      "original": {
        "id": "nur",
        "type": "indirect"
      }
    },
    "root": {
      "inputs": {
        "home-manager": "home-manager",
        "kmonad": "kmonad",
        "nixpkgs": "nixpkgs",
        "nur": "nur"
      }
    }
  },
  "root": "root",
  "version": 7
}
