{
  "nodes": {
    "home-manager": {
      "inputs": {
        "nixpkgs": [
          "nixpkgs"
        ]
      },
      "locked": {
        "lastModified": 1732884235,
        "narHash": "sha256-r8j6R3nrvwbT1aUp4EPQ1KC7gm0pu9VcV1aNaB+XG6Q=",
        "owner": "nix-community",
        "repo": "home-manager",
        "rev": "819f682269f4e002884702b87e445c82840c68f2",
        "type": "github"
      },
      "original": {
        "owner": "nix-community",
        "repo": "home-manager",
        "type": "github"
      }
    },
    "kmonad": {
      "inputs": {
        "nixpkgs": [
          "nixpkgs"
        ]
      },
      "locked": {
        "dir": "nix",
        "lastModified": 1730793763,
        "narHash": "sha256-m9agq+UNNwAovZj+WS5/1Yc1xoExG4A3SqmVP/e0r9Q=",
        "ref": "refs/heads/master",
        "rev": "606c488862df6c3be1e4e670f6e1e06008c84732",
        "revCount": 875,
        "submodules": true,
        "type": "git",
        "url": "https://github.com/kmonad/kmonad?dir=nix"
      },
      "original": {
        "dir": "nix",
        "submodules": true,
        "type": "git",
        "url": "https://github.com/kmonad/kmonad?dir=nix"
      }
    },
    "nixpkgs": {
      "locked": {
        "lastModified": 1732837521,
        "narHash": "sha256-jNRNr49UiuIwaarqijgdTR2qLPifxsVhlJrKzQ8XUIE=",
        "owner": "nixos",
        "repo": "nixpkgs",
        "rev": "970e93b9f82e2a0f3675757eb0bfc73297cc6370",
        "type": "github"
      },
      "original": {
        "owner": "nixos",
        "ref": "nixos-unstable",
        "repo": "nixpkgs",
        "type": "github"
      }
    },
    "nur": {
      "locked": {
        "lastModified": 1732998445,
        "narHash": "sha256-8tcXI20oo9F1SzxOuByjIMf8VBCQlPR3ujm02S4F8MA=",
        "owner": "nix-community",
        "repo": "NUR",
        "rev": "0c9407597f073e5589c2b2570d507afe4e773a04",
        "type": "github"
      },
      "original": {
        "id": "nur",
        "type": "indirect"
      }
    },
    "root": {
      "inputs": {
        "home-manager": "home-manager",
        "kmonad": "kmonad",
        "nixpkgs": "nixpkgs",
        "nur": "nur"
      }
    }
  },
  "root": "root",
  "version": 7
}
